
Microsoft Visual Studio Solution File, Format Version 12.00
# Visual Studio Version 16
VisualStudioVersion = 16.0.31112.23
MinimumVisualStudioVersion = 10.0.40219.1
Project("{9A19103F-16F7-4668-BE54-9A1E7A4F7556}") = "Verhaeg.IoT.Processor", "Verhaeg.IoT.Processor.csproj", "{7F3812A1-FD50-4AF7-AE7D-CA63F07815FB}"
EndProject
Global
	GlobalSection(SolutionConfigurationPlatforms) = preSolution
		Debug|Any CPU = Debug|Any CPU
		Release|Any CPU = Release|Any CPU
	EndGlobalSection
	GlobalSection(ProjectConfigurationPlatforms) = postSolution
		{7F3812A1-FD50-4AF7-AE7D-CA63F07815FB}.Debug|Any CPU.ActiveCfg = Debug|Any CPU
		{7F3812A1-FD50-4AF7-AE7D-CA63F07815FB}.Debug|Any CPU.Build.0 = Debug|Any CPU
		{7F3812A1-FD50-4AF7-AE7D-CA63F07815FB}.Release|Any CPU.ActiveCfg = Release|Any CPU
		{7F3812A1-FD50-4AF7-AE7D-CA63F07815FB}.Release|Any CPU.Build.0 = Release|Any CPU
	EndGlobalSection
	GlobalSection(SolutionProperties) = preSolution
		HideSolutionNode = FALSE
	EndGlobalSection
	GlobalSection(ExtensibilityGlobals) = postSolution
		SolutionGuid = {E787EDBA-EA95-4505-927D-55074BDA64F8}
	EndGlobalSection
EndGlobal
